// !$*UTF8*$!
{
	archiveVersion = 1;
	classes = {
	};
	objectVersion = 56;
	objects = {

/* Begin PBXBuildFile section */
		2D01ED2D29BF2D8D00DB3808 /* EssentialFeed.docc in Sources */ = {isa = PBXBuildFile; fileRef = 2D01ED2C29BF2D8D00DB3808 /* EssentialFeed.docc */; };
		2D01ED3329BF2D8E00DB3808 /* EssentialFeed.framework in Frameworks */ = {isa = PBXBuildFile; fileRef = 2D01ED2829BF2D8D00DB3808 /* EssentialFeed.framework */; };
		2D01ED3929BF2D8E00DB3808 /* EssentialFeed.h in Headers */ = {isa = PBXBuildFile; fileRef = 2D01ED2B29BF2D8D00DB3808 /* EssentialFeed.h */; settings = {ATTRIBUTES = (Public, ); }; };
		2D01ED4329BF2DA700DB3808 /* FeedItem.swift in Sources */ = {isa = PBXBuildFile; fileRef = 2D01ED4229BF2DA700DB3808 /* FeedItem.swift */; };
		2D01ED4529BF2F0200DB3808 /* FeedLoader.swift in Sources */ = {isa = PBXBuildFile; fileRef = 2D01ED4429BF2F0200DB3808 /* FeedLoader.swift */; };
		2D09813D2A370F80002CC07F /* LocalFeedLoader.swift in Sources */ = {isa = PBXBuildFile; fileRef = 2D09813C2A370F80002CC07F /* LocalFeedLoader.swift */; };
		2D09813F2A37100B002CC07F /* FeedStore.swift in Sources */ = {isa = PBXBuildFile; fileRef = 2D09813E2A37100B002CC07F /* FeedStore.swift */; };
		2D101B252A37209000601074 /* RemoteFeedItem.swift in Sources */ = {isa = PBXBuildFile; fileRef = 2D101B242A37209000601074 /* RemoteFeedItem.swift */; };
		2D101B272A3720D700601074 /* LocalFeedImage.swift in Sources */ = {isa = PBXBuildFile; fileRef = 2D101B262A3720D700601074 /* LocalFeedImage.swift */; };
		2D28CAB329F0BFA400388E96 /* XCTestCase+MemoryLeakTracking.swift in Sources */ = {isa = PBXBuildFile; fileRef = 2D28CAB229F0BFA400388E96 /* XCTestCase+MemoryLeakTracking.swift */; };
		2D28CAB529F67B2F00388E96 /* URLSessionHTTPClient.swift in Sources */ = {isa = PBXBuildFile; fileRef = 2D28CAB429F67B2F00388E96 /* URLSessionHTTPClient.swift */; };
		2D69D4172A1DFF22000833CA /* CacheFeedUseCaseTests.swift in Sources */ = {isa = PBXBuildFile; fileRef = 2D69D4162A1DFF22000833CA /* CacheFeedUseCaseTests.swift */; };
		2DA5E1BC2A52CAA900B0CC83 /* ValidateFeedCacheUseCaseTests.swift in Sources */ = {isa = PBXBuildFile; fileRef = 2DA5E1BB2A52CAA900B0CC83 /* ValidateFeedCacheUseCaseTests.swift */; };
		2DC4BBA229ED4B60008DE44F /* URLSessionHTTPClientTests.swift in Sources */ = {isa = PBXBuildFile; fileRef = 2DC4BBA129ED4B60008DE44F /* URLSessionHTTPClientTests.swift */; };
		2DDE276A29CAF1F5008AEC17 /* LoadFeedFromRemoteUseCaseTests.swift in Sources */ = {isa = PBXBuildFile; fileRef = 2DDE276929CAF1F5008AEC17 /* LoadFeedFromRemoteUseCaseTests.swift */; };
		2DDE276D29CB02BC008AEC17 /* RemoteFeedLoader.swift in Sources */ = {isa = PBXBuildFile; fileRef = 2DDE276C29CB02BC008AEC17 /* RemoteFeedLoader.swift */; };
		2DDE27D329DAD0C5008AEC17 /* HTTPClient.swift in Sources */ = {isa = PBXBuildFile; fileRef = 2DDE27D229DAD0C5008AEC17 /* HTTPClient.swift */; };
		2DDE27D529DAD11B008AEC17 /* FeedItemsMapper.swift in Sources */ = {isa = PBXBuildFile; fileRef = 2DDE27D429DAD11B008AEC17 /* FeedItemsMapper.swift */; };
		2DE9E72429F7ACC1000427B2 /* EssentialFeedAPIEndToEndTests.swift in Sources */ = {isa = PBXBuildFile; fileRef = 2DE9E72329F7ACC1000427B2 /* EssentialFeedAPIEndToEndTests.swift */; };
		2DE9E72529F7ACC1000427B2 /* EssentialFeed.framework in Frameworks */ = {isa = PBXBuildFile; fileRef = 2D01ED2829BF2D8D00DB3808 /* EssentialFeed.framework */; };
		2DE9E72B29F7B30E000427B2 /* XCTestCase+MemoryLeakTracking.swift in Sources */ = {isa = PBXBuildFile; fileRef = 2D28CAB229F0BFA400388E96 /* XCTestCase+MemoryLeakTracking.swift */; };
		2DF796302A4049E300E56EAD /* LoadFeedFromCacheUseCaseTests.swift in Sources */ = {isa = PBXBuildFile; fileRef = 2DF7962F2A4049E300E56EAD /* LoadFeedFromCacheUseCaseTests.swift */; };
		2DF796332A404ADF00E56EAD /* FeedStoreSpy.swift in Sources */ = {isa = PBXBuildFile; fileRef = 2DF796322A404ADF00E56EAD /* FeedStoreSpy.swift */; };
/* End PBXBuildFile section */

/* Begin PBXContainerItemProxy section */
		2D01ED3429BF2D8E00DB3808 /* PBXContainerItemProxy */ = {
			isa = PBXContainerItemProxy;
			containerPortal = 2D01ED1F29BF2D8D00DB3808 /* Project object */;
			proxyType = 1;
			remoteGlobalIDString = 2D01ED2729BF2D8D00DB3808;
			remoteInfo = EssentialFeed;
		};
		2DE9E72629F7ACC1000427B2 /* PBXContainerItemProxy */ = {
			isa = PBXContainerItemProxy;
			containerPortal = 2D01ED1F29BF2D8D00DB3808 /* Project object */;
			proxyType = 1;
			remoteGlobalIDString = 2D01ED2729BF2D8D00DB3808;
			remoteInfo = EssentialFeed;
		};
/* End PBXContainerItemProxy section */

/* Begin PBXFileReference section */
		2D01ED2829BF2D8D00DB3808 /* EssentialFeed.framework */ = {isa = PBXFileReference; explicitFileType = wrapper.framework; includeInIndex = 0; path = EssentialFeed.framework; sourceTree = BUILT_PRODUCTS_DIR; };
		2D01ED2B29BF2D8D00DB3808 /* EssentialFeed.h */ = {isa = PBXFileReference; lastKnownFileType = sourcecode.c.h; path = EssentialFeed.h; sourceTree = "<group>"; };
		2D01ED2C29BF2D8D00DB3808 /* EssentialFeed.docc */ = {isa = PBXFileReference; lastKnownFileType = folder.documentationcatalog; path = EssentialFeed.docc; sourceTree = "<group>"; };
		2D01ED3229BF2D8E00DB3808 /* EssentialFeedTests.xctest */ = {isa = PBXFileReference; explicitFileType = wrapper.cfbundle; includeInIndex = 0; path = EssentialFeedTests.xctest; sourceTree = BUILT_PRODUCTS_DIR; };
		2D01ED4229BF2DA700DB3808 /* FeedItem.swift */ = {isa = PBXFileReference; lastKnownFileType = sourcecode.swift; path = FeedItem.swift; sourceTree = "<group>"; };
		2D01ED4429BF2F0200DB3808 /* FeedLoader.swift */ = {isa = PBXFileReference; lastKnownFileType = sourcecode.swift; path = FeedLoader.swift; sourceTree = "<group>"; };
		2D09813C2A370F80002CC07F /* LocalFeedLoader.swift */ = {isa = PBXFileReference; lastKnownFileType = sourcecode.swift; path = LocalFeedLoader.swift; sourceTree = "<group>"; };
		2D09813E2A37100B002CC07F /* FeedStore.swift */ = {isa = PBXFileReference; lastKnownFileType = sourcecode.swift; path = FeedStore.swift; sourceTree = "<group>"; };
		2D101B242A37209000601074 /* RemoteFeedItem.swift */ = {isa = PBXFileReference; lastKnownFileType = sourcecode.swift; path = RemoteFeedItem.swift; sourceTree = "<group>"; };
		2D101B262A3720D700601074 /* LocalFeedImage.swift */ = {isa = PBXFileReference; lastKnownFileType = sourcecode.swift; path = LocalFeedImage.swift; sourceTree = "<group>"; };
		2D28CAB229F0BFA400388E96 /* XCTestCase+MemoryLeakTracking.swift */ = {isa = PBXFileReference; lastKnownFileType = sourcecode.swift; path = "XCTestCase+MemoryLeakTracking.swift"; sourceTree = "<group>"; };
		2D28CAB429F67B2F00388E96 /* URLSessionHTTPClient.swift */ = {isa = PBXFileReference; lastKnownFileType = sourcecode.swift; path = URLSessionHTTPClient.swift; sourceTree = "<group>"; };
		2D69D4162A1DFF22000833CA /* CacheFeedUseCaseTests.swift */ = {isa = PBXFileReference; lastKnownFileType = sourcecode.swift; path = CacheFeedUseCaseTests.swift; sourceTree = "<group>"; };
		2DA5E1BB2A52CAA900B0CC83 /* ValidateFeedCacheUseCaseTests.swift */ = {isa = PBXFileReference; lastKnownFileType = sourcecode.swift; path = ValidateFeedCacheUseCaseTests.swift; sourceTree = "<group>"; };
		2DC4BBA129ED4B60008DE44F /* URLSessionHTTPClientTests.swift */ = {isa = PBXFileReference; lastKnownFileType = sourcecode.swift; path = URLSessionHTTPClientTests.swift; sourceTree = "<group>"; };
		2DDE276929CAF1F5008AEC17 /* LoadFeedFromRemoteUseCaseTests.swift */ = {isa = PBXFileReference; lastKnownFileType = sourcecode.swift; path = LoadFeedFromRemoteUseCaseTests.swift; sourceTree = "<group>"; };
		2DDE276C29CB02BC008AEC17 /* RemoteFeedLoader.swift */ = {isa = PBXFileReference; lastKnownFileType = sourcecode.swift; path = RemoteFeedLoader.swift; sourceTree = "<group>"; };
		2DDE27D229DAD0C5008AEC17 /* HTTPClient.swift */ = {isa = PBXFileReference; lastKnownFileType = sourcecode.swift; path = HTTPClient.swift; sourceTree = "<group>"; };
		2DDE27D429DAD11B008AEC17 /* FeedItemsMapper.swift */ = {isa = PBXFileReference; lastKnownFileType = sourcecode.swift; path = FeedItemsMapper.swift; sourceTree = "<group>"; };
		2DE9E72129F7ACC1000427B2 /* EssentialFeedAPIEndToEndTests.xctest */ = {isa = PBXFileReference; explicitFileType = wrapper.cfbundle; includeInIndex = 0; path = EssentialFeedAPIEndToEndTests.xctest; sourceTree = BUILT_PRODUCTS_DIR; };
		2DE9E72329F7ACC1000427B2 /* EssentialFeedAPIEndToEndTests.swift */ = {isa = PBXFileReference; lastKnownFileType = sourcecode.swift; path = EssentialFeedAPIEndToEndTests.swift; sourceTree = "<group>"; };
		2DE9E72C29F7B498000427B2 /* EssentialFeedAPIEndToEndTests */ = {isa = PBXFileReference; lastKnownFileType = folder; path = EssentialFeedAPIEndToEndTests; sourceTree = "<group>"; };
		2DE9E72D29F7B498000427B2 /* EssentialFeedTests */ = {isa = PBXFileReference; lastKnownFileType = folder; path = EssentialFeedTests; sourceTree = "<group>"; };
		2DE9E72E29F7B4A6000427B2 /* EssentialFeedTests */ = {isa = PBXFileReference; lastKnownFileType = folder; path = EssentialFeedTests; sourceTree = "<group>"; };
		2DF7962F2A4049E300E56EAD /* LoadFeedFromCacheUseCaseTests.swift */ = {isa = PBXFileReference; lastKnownFileType = sourcecode.swift; path = LoadFeedFromCacheUseCaseTests.swift; sourceTree = "<group>"; };
		2DF796322A404ADF00E56EAD /* FeedStoreSpy.swift */ = {isa = PBXFileReference; lastKnownFileType = sourcecode.swift; path = FeedStoreSpy.swift; sourceTree = "<group>"; };
/* End PBXFileReference section */

/* Begin PBXFrameworksBuildPhase section */
		2D01ED2529BF2D8D00DB3808 /* Frameworks */ = {
			isa = PBXFrameworksBuildPhase;
			buildActionMask = 2147483647;
			files = (
			);
			runOnlyForDeploymentPostprocessing = 0;
		};
		2D01ED2F29BF2D8E00DB3808 /* Frameworks */ = {
			isa = PBXFrameworksBuildPhase;
			buildActionMask = 2147483647;
			files = (
				2D01ED3329BF2D8E00DB3808 /* EssentialFeed.framework in Frameworks */,
			);
			runOnlyForDeploymentPostprocessing = 0;
		};
		2DE9E71E29F7ACC1000427B2 /* Frameworks */ = {
			isa = PBXFrameworksBuildPhase;
			buildActionMask = 2147483647;
			files = (
				2DE9E72529F7ACC1000427B2 /* EssentialFeed.framework in Frameworks */,
			);
			runOnlyForDeploymentPostprocessing = 0;
		};
/* End PBXFrameworksBuildPhase section */

/* Begin PBXGroup section */
		2D01ED1E29BF2D8D00DB3808 = {
			isa = PBXGroup;
			children = (
				2DE9E72E29F7B4A6000427B2 /* EssentialFeedTests */,
				2DE9E72D29F7B498000427B2 /* EssentialFeedTests */,
				2DE9E72C29F7B498000427B2 /* EssentialFeedAPIEndToEndTests */,
				2D01ED2A29BF2D8D00DB3808 /* EssentialFeed */,
				2D01ED3629BF2D8E00DB3808 /* EssentialFeedTests */,
				2DE9E72229F7ACC1000427B2 /* EssentialFeedAPIEndToEndTests */,
				2D01ED2929BF2D8D00DB3808 /* Products */,
			);
			sourceTree = "<group>";
		};
		2D01ED2929BF2D8D00DB3808 /* Products */ = {
			isa = PBXGroup;
			children = (
				2D01ED2829BF2D8D00DB3808 /* EssentialFeed.framework */,
				2D01ED3229BF2D8E00DB3808 /* EssentialFeedTests.xctest */,
				2DE9E72129F7ACC1000427B2 /* EssentialFeedAPIEndToEndTests.xctest */,
			);
			name = Products;
			sourceTree = "<group>";
		};
		2D01ED2A29BF2D8D00DB3808 /* EssentialFeed */ = {
			isa = PBXGroup;
			children = (
				2D09813B2A370F66002CC07F /* FeedCache */,
				2DDE276B29CB02AE008AEC17 /* FeedAPI */,
				2D01ED2B29BF2D8D00DB3808 /* EssentialFeed.h */,
				2D01ED2C29BF2D8D00DB3808 /* EssentialFeed.docc */,
				2D01ED4629BF2FCE00DB3808 /* FeedFeature */,
			);
			path = EssentialFeed;
			sourceTree = "<group>";
		};
		2D01ED3629BF2D8E00DB3808 /* EssentialFeedTests */ = {
			isa = PBXGroup;
			children = (
				2D28CAB129F0BF7D00388E96 /* Helpers */,
				2D69D4152A1DFEDD000833CA /* Feed Cache */,
				2DDE27D629DAD8C8008AEC17 /* FeedAPI */,
			);
			path = EssentialFeedTests;
			sourceTree = "<group>";
		};
		2D01ED4629BF2FCE00DB3808 /* FeedFeature */ = {
			isa = PBXGroup;
			children = (
				2D01ED4229BF2DA700DB3808 /* FeedItem.swift */,
				2D01ED4429BF2F0200DB3808 /* FeedLoader.swift */,
			);
			path = FeedFeature;
			sourceTree = "<group>";
		};
		2D09813B2A370F66002CC07F /* FeedCache */ = {
			isa = PBXGroup;
			children = (
				2D09813C2A370F80002CC07F /* LocalFeedLoader.swift */,
				2D101B262A3720D700601074 /* LocalFeedImage.swift */,
				2D09813E2A37100B002CC07F /* FeedStore.swift */,
			);
			path = FeedCache;
			sourceTree = "<group>";
		};
		2D28CAB129F0BF7D00388E96 /* Helpers */ = {
			isa = PBXGroup;
			children = (
				2D28CAB229F0BFA400388E96 /* XCTestCase+MemoryLeakTracking.swift */,
			);
			path = Helpers;
			sourceTree = "<group>";
		};
		2D69D4152A1DFEDD000833CA /* Feed Cache */ = {
			isa = PBXGroup;
			children = (
				2DF796312A404AC800E56EAD /* Helpers */,
				2D69D4162A1DFF22000833CA /* CacheFeedUseCaseTests.swift */,
				2DF7962F2A4049E300E56EAD /* LoadFeedFromCacheUseCaseTests.swift */,
				2DA5E1BB2A52CAA900B0CC83 /* ValidateFeedCacheUseCaseTests.swift */,
			);
			path = "Feed Cache";
			sourceTree = "<group>";
		};
		2DDE276B29CB02AE008AEC17 /* FeedAPI */ = {
			isa = PBXGroup;
			children = (
				2DDE276C29CB02BC008AEC17 /* RemoteFeedLoader.swift */,
				2D101B242A37209000601074 /* RemoteFeedItem.swift */,
				2DDE27D429DAD11B008AEC17 /* FeedItemsMapper.swift */,
				2D28CAB429F67B2F00388E96 /* URLSessionHTTPClient.swift */,
				2DDE27D229DAD0C5008AEC17 /* HTTPClient.swift */,
			);
			path = FeedAPI;
			sourceTree = "<group>";
		};
		2DDE27D629DAD8C8008AEC17 /* FeedAPI */ = {
			isa = PBXGroup;
			children = (
				2DC4BBA129ED4B60008DE44F /* URLSessionHTTPClientTests.swift */,
				2DDE276929CAF1F5008AEC17 /* LoadFeedFromRemoteUseCaseTests.swift */,
			);
			path = FeedAPI;
			sourceTree = "<group>";
		};
		2DE9E72229F7ACC1000427B2 /* EssentialFeedAPIEndToEndTests */ = {
			isa = PBXGroup;
			children = (
				2DE9E72329F7ACC1000427B2 /* EssentialFeedAPIEndToEndTests.swift */,
			);
			path = EssentialFeedAPIEndToEndTests;
			sourceTree = "<group>";
		};
		2DF796312A404AC800E56EAD /* Helpers */ = {
			isa = PBXGroup;
			children = (
				2DF796322A404ADF00E56EAD /* FeedStoreSpy.swift */,
			);
			path = Helpers;
			sourceTree = "<group>";
		};
/* End PBXGroup section */

/* Begin PBXHeadersBuildPhase section */
		2D01ED2329BF2D8D00DB3808 /* Headers */ = {
			isa = PBXHeadersBuildPhase;
			buildActionMask = 2147483647;
			files = (
				2D01ED3929BF2D8E00DB3808 /* EssentialFeed.h in Headers */,
			);
			runOnlyForDeploymentPostprocessing = 0;
		};
/* End PBXHeadersBuildPhase section */

/* Begin PBXNativeTarget section */
		2D01ED2729BF2D8D00DB3808 /* EssentialFeed */ = {
			isa = PBXNativeTarget;
			buildConfigurationList = 2D01ED3C29BF2D8E00DB3808 /* Build configuration list for PBXNativeTarget "EssentialFeed" */;
			buildPhases = (
				2D01ED2329BF2D8D00DB3808 /* Headers */,
				2D01ED2429BF2D8D00DB3808 /* Sources */,
				2D01ED2529BF2D8D00DB3808 /* Frameworks */,
				2D01ED2629BF2D8D00DB3808 /* Resources */,
			);
			buildRules = (
			);
			dependencies = (
			);
			name = EssentialFeed;
			productName = EssentialFeed;
			productReference = 2D01ED2829BF2D8D00DB3808 /* EssentialFeed.framework */;
			productType = "com.apple.product-type.framework";
		};
		2D01ED3129BF2D8E00DB3808 /* EssentialFeedTests */ = {
			isa = PBXNativeTarget;
			buildConfigurationList = 2D01ED3F29BF2D8E00DB3808 /* Build configuration list for PBXNativeTarget "EssentialFeedTests" */;
			buildPhases = (
				2D01ED2E29BF2D8E00DB3808 /* Sources */,
				2D01ED2F29BF2D8E00DB3808 /* Frameworks */,
				2D01ED3029BF2D8E00DB3808 /* Resources */,
			);
			buildRules = (
			);
			dependencies = (
				2D01ED3529BF2D8E00DB3808 /* PBXTargetDependency */,
			);
			name = EssentialFeedTests;
			productName = EssentialFeedTests;
			productReference = 2D01ED3229BF2D8E00DB3808 /* EssentialFeedTests.xctest */;
			productType = "com.apple.product-type.bundle.unit-test";
		};
		2DE9E72029F7ACC1000427B2 /* EssentialFeedAPIEndToEndTests */ = {
			isa = PBXNativeTarget;
			buildConfigurationList = 2DE9E72A29F7ACC1000427B2 /* Build configuration list for PBXNativeTarget "EssentialFeedAPIEndToEndTests" */;
			buildPhases = (
				2DE9E71D29F7ACC1000427B2 /* Sources */,
				2DE9E71E29F7ACC1000427B2 /* Frameworks */,
				2DE9E71F29F7ACC1000427B2 /* Resources */,
			);
			buildRules = (
			);
			dependencies = (
				2DE9E72729F7ACC1000427B2 /* PBXTargetDependency */,
			);
			name = EssentialFeedAPIEndToEndTests;
			productName = EssentialFeedAPIEndToEndTests;
			productReference = 2DE9E72129F7ACC1000427B2 /* EssentialFeedAPIEndToEndTests.xctest */;
			productType = "com.apple.product-type.bundle.unit-test";
		};
/* End PBXNativeTarget section */

/* Begin PBXProject section */
		2D01ED1F29BF2D8D00DB3808 /* Project object */ = {
			isa = PBXProject;
			attributes = {
				BuildIndependentTargetsInParallel = 1;
				LastSwiftUpdateCheck = 1430;
				LastUpgradeCheck = 1410;
				TargetAttributes = {
					2D01ED2729BF2D8D00DB3808 = {
						CreatedOnToolsVersion = 14.1;
					};
					2D01ED3129BF2D8E00DB3808 = {
						CreatedOnToolsVersion = 14.1;
					};
					2DE9E72029F7ACC1000427B2 = {
						CreatedOnToolsVersion = 14.3;
					};
				};
			};
			buildConfigurationList = 2D01ED2229BF2D8D00DB3808 /* Build configuration list for PBXProject "EssentialFeed" */;
			compatibilityVersion = "Xcode 14.0";
			developmentRegion = en;
			hasScannedForEncodings = 0;
			knownRegions = (
				en,
				Base,
			);
			mainGroup = 2D01ED1E29BF2D8D00DB3808;
			productRefGroup = 2D01ED2929BF2D8D00DB3808 /* Products */;
			projectDirPath = "";
			projectRoot = "";
			targets = (
				2D01ED2729BF2D8D00DB3808 /* EssentialFeed */,
				2D01ED3129BF2D8E00DB3808 /* EssentialFeedTests */,
				2DE9E72029F7ACC1000427B2 /* EssentialFeedAPIEndToEndTests */,
			);
		};
/* End PBXProject section */

/* Begin PBXResourcesBuildPhase section */
		2D01ED2629BF2D8D00DB3808 /* Resources */ = {
			isa = PBXResourcesBuildPhase;
			buildActionMask = 2147483647;
			files = (
			);
			runOnlyForDeploymentPostprocessing = 0;
		};
		2D01ED3029BF2D8E00DB3808 /* Resources */ = {
			isa = PBXResourcesBuildPhase;
			buildActionMask = 2147483647;
			files = (
			);
			runOnlyForDeploymentPostprocessing = 0;
		};
		2DE9E71F29F7ACC1000427B2 /* Resources */ = {
			isa = PBXResourcesBuildPhase;
			buildActionMask = 2147483647;
			files = (
			);
			runOnlyForDeploymentPostprocessing = 0;
		};
/* End PBXResourcesBuildPhase section */

/* Begin PBXSourcesBuildPhase section */
		2D01ED2429BF2D8D00DB3808 /* Sources */ = {
			isa = PBXSourcesBuildPhase;
			buildActionMask = 2147483647;
			files = (
				2D101B272A3720D700601074 /* LocalFeedImage.swift in Sources */,
				2D09813F2A37100B002CC07F /* FeedStore.swift in Sources */,
				2D28CAB529F67B2F00388E96 /* URLSessionHTTPClient.swift in Sources */,
				2DDE276D29CB02BC008AEC17 /* RemoteFeedLoader.swift in Sources */,
				2DDE27D329DAD0C5008AEC17 /* HTTPClient.swift in Sources */,
				2D01ED4529BF2F0200DB3808 /* FeedLoader.swift in Sources */,
				2DDE27D529DAD11B008AEC17 /* FeedItemsMapper.swift in Sources */,
				2D101B252A37209000601074 /* RemoteFeedItem.swift in Sources */,
				2D01ED4329BF2DA700DB3808 /* FeedItem.swift in Sources */,
				2D09813D2A370F80002CC07F /* LocalFeedLoader.swift in Sources */,
				2D01ED2D29BF2D8D00DB3808 /* EssentialFeed.docc in Sources */,
			);
			runOnlyForDeploymentPostprocessing = 0;
		};
		2D01ED2E29BF2D8E00DB3808 /* Sources */ = {
			isa = PBXSourcesBuildPhase;
			buildActionMask = 2147483647;
			files = (
				2DA5E1BC2A52CAA900B0CC83 /* ValidateFeedCacheUseCaseTests.swift in Sources */,
				2DDE276A29CAF1F5008AEC17 /* LoadFeedFromRemoteUseCaseTests.swift in Sources */,
				2DC4BBA229ED4B60008DE44F /* URLSessionHTTPClientTests.swift in Sources */,
				2DF796332A404ADF00E56EAD /* FeedStoreSpy.swift in Sources */,
				2D69D4172A1DFF22000833CA /* CacheFeedUseCaseTests.swift in Sources */,
				2DF796302A4049E300E56EAD /* LoadFeedFromCacheUseCaseTests.swift in Sources */,
				2D28CAB329F0BFA400388E96 /* XCTestCase+MemoryLeakTracking.swift in Sources */,
			);
			runOnlyForDeploymentPostprocessing = 0;
		};
		2DE9E71D29F7ACC1000427B2 /* Sources */ = {
			isa = PBXSourcesBuildPhase;
			buildActionMask = 2147483647;
			files = (
				2DE9E72429F7ACC1000427B2 /* EssentialFeedAPIEndToEndTests.swift in Sources */,
				2DE9E72B29F7B30E000427B2 /* XCTestCase+MemoryLeakTracking.swift in Sources */,
			);
			runOnlyForDeploymentPostprocessing = 0;
		};
/* End PBXSourcesBuildPhase section */

/* Begin PBXTargetDependency section */
		2D01ED3529BF2D8E00DB3808 /* PBXTargetDependency */ = {
			isa = PBXTargetDependency;
			target = 2D01ED2729BF2D8D00DB3808 /* EssentialFeed */;
			targetProxy = 2D01ED3429BF2D8E00DB3808 /* PBXContainerItemProxy */;
		};
		2DE9E72729F7ACC1000427B2 /* PBXTargetDependency */ = {
			isa = PBXTargetDependency;
			target = 2D01ED2729BF2D8D00DB3808 /* EssentialFeed */;
			targetProxy = 2DE9E72629F7ACC1000427B2 /* PBXContainerItemProxy */;
		};
/* End PBXTargetDependency section */

/* Begin XCBuildConfiguration section */
		2D01ED3A29BF2D8E00DB3808 /* Debug */ = {
			isa = XCBuildConfiguration;
			buildSettings = {
				ALWAYS_SEARCH_USER_PATHS = NO;
				CLANG_ANALYZER_NONNULL = YES;
				CLANG_ANALYZER_NUMBER_OBJECT_CONVERSION = YES_AGGRESSIVE;
				CLANG_CXX_LANGUAGE_STANDARD = "gnu++20";
				CLANG_ENABLE_MODULES = YES;
				CLANG_ENABLE_OBJC_ARC = YES;
				CLANG_ENABLE_OBJC_WEAK = YES;
				CLANG_WARN_BLOCK_CAPTURE_AUTORELEASING = YES;
				CLANG_WARN_BOOL_CONVERSION = YES;
				CLANG_WARN_COMMA = YES;
				CLANG_WARN_CONSTANT_CONVERSION = YES;
				CLANG_WARN_DEPRECATED_OBJC_IMPLEMENTATIONS = YES;
				CLANG_WARN_DIRECT_OBJC_ISA_USAGE = YES_ERROR;
				CLANG_WARN_DOCUMENTATION_COMMENTS = YES;
				CLANG_WARN_EMPTY_BODY = YES;
				CLANG_WARN_ENUM_CONVERSION = YES;
				CLANG_WARN_INFINITE_RECURSION = YES;
				CLANG_WARN_INT_CONVERSION = YES;
				CLANG_WARN_NON_LITERAL_NULL_CONVERSION = YES;
				CLANG_WARN_OBJC_IMPLICIT_RETAIN_SELF = YES;
				CLANG_WARN_OBJC_LITERAL_CONVERSION = YES;
				CLANG_WARN_OBJC_ROOT_CLASS = YES_ERROR;
				CLANG_WARN_QUOTED_INCLUDE_IN_FRAMEWORK_HEADER = YES;
				CLANG_WARN_RANGE_LOOP_ANALYSIS = YES;
				CLANG_WARN_STRICT_PROTOTYPES = YES;
				CLANG_WARN_SUSPICIOUS_MOVE = YES;
				CLANG_WARN_UNGUARDED_AVAILABILITY = YES_AGGRESSIVE;
				CLANG_WARN_UNREACHABLE_CODE = YES;
				CLANG_WARN__DUPLICATE_METHOD_MATCH = YES;
				COPY_PHASE_STRIP = NO;
				CURRENT_PROJECT_VERSION = 1;
				DEBUG_INFORMATION_FORMAT = dwarf;
				ENABLE_STRICT_OBJC_MSGSEND = YES;
				ENABLE_TESTABILITY = YES;
				GCC_C_LANGUAGE_STANDARD = gnu11;
				GCC_DYNAMIC_NO_PIC = NO;
				GCC_NO_COMMON_BLOCKS = YES;
				GCC_OPTIMIZATION_LEVEL = 0;
				GCC_PREPROCESSOR_DEFINITIONS = (
					"DEBUG=1",
					"$(inherited)",
				);
				GCC_WARN_64_TO_32_BIT_CONVERSION = YES;
				GCC_WARN_ABOUT_RETURN_TYPE = YES_ERROR;
				GCC_WARN_UNDECLARED_SELECTOR = YES;
				GCC_WARN_UNINITIALIZED_AUTOS = YES_AGGRESSIVE;
				GCC_WARN_UNUSED_FUNCTION = YES;
				GCC_WARN_UNUSED_VARIABLE = YES;
				MACOSX_DEPLOYMENT_TARGET = 13.0;
				MTL_ENABLE_DEBUG_INFO = INCLUDE_SOURCE;
				MTL_FAST_MATH = YES;
				ONLY_ACTIVE_ARCH = YES;
				SDKROOT = macosx;
				SWIFT_ACTIVE_COMPILATION_CONDITIONS = DEBUG;
				SWIFT_OPTIMIZATION_LEVEL = "-Onone";
				VERSIONING_SYSTEM = "apple-generic";
				VERSION_INFO_PREFIX = "";
			};
			name = Debug;
		};
		2D01ED3B29BF2D8E00DB3808 /* Release */ = {
			isa = XCBuildConfiguration;
			buildSettings = {
				ALWAYS_SEARCH_USER_PATHS = NO;
				CLANG_ANALYZER_NONNULL = YES;
				CLANG_ANALYZER_NUMBER_OBJECT_CONVERSION = YES_AGGRESSIVE;
				CLANG_CXX_LANGUAGE_STANDARD = "gnu++20";
				CLANG_ENABLE_MODULES = YES;
				CLANG_ENABLE_OBJC_ARC = YES;
				CLANG_ENABLE_OBJC_WEAK = YES;
				CLANG_WARN_BLOCK_CAPTURE_AUTORELEASING = YES;
				CLANG_WARN_BOOL_CONVERSION = YES;
				CLANG_WARN_COMMA = YES;
				CLANG_WARN_CONSTANT_CONVERSION = YES;
				CLANG_WARN_DEPRECATED_OBJC_IMPLEMENTATIONS = YES;
				CLANG_WARN_DIRECT_OBJC_ISA_USAGE = YES_ERROR;
				CLANG_WARN_DOCUMENTATION_COMMENTS = YES;
				CLANG_WARN_EMPTY_BODY = YES;
				CLANG_WARN_ENUM_CONVERSION = YES;
				CLANG_WARN_INFINITE_RECURSION = YES;
				CLANG_WARN_INT_CONVERSION = YES;
				CLANG_WARN_NON_LITERAL_NULL_CONVERSION = YES;
				CLANG_WARN_OBJC_IMPLICIT_RETAIN_SELF = YES;
				CLANG_WARN_OBJC_LITERAL_CONVERSION = YES;
				CLANG_WARN_OBJC_ROOT_CLASS = YES_ERROR;
				CLANG_WARN_QUOTED_INCLUDE_IN_FRAMEWORK_HEADER = YES;
				CLANG_WARN_RANGE_LOOP_ANALYSIS = YES;
				CLANG_WARN_STRICT_PROTOTYPES = YES;
				CLANG_WARN_SUSPICIOUS_MOVE = YES;
				CLANG_WARN_UNGUARDED_AVAILABILITY = YES_AGGRESSIVE;
				CLANG_WARN_UNREACHABLE_CODE = YES;
				CLANG_WARN__DUPLICATE_METHOD_MATCH = YES;
				COPY_PHASE_STRIP = NO;
				CURRENT_PROJECT_VERSION = 1;
				DEBUG_INFORMATION_FORMAT = "dwarf-with-dsym";
				ENABLE_NS_ASSERTIONS = NO;
				ENABLE_STRICT_OBJC_MSGSEND = YES;
				GCC_C_LANGUAGE_STANDARD = gnu11;
				GCC_NO_COMMON_BLOCKS = YES;
				GCC_WARN_64_TO_32_BIT_CONVERSION = YES;
				GCC_WARN_ABOUT_RETURN_TYPE = YES_ERROR;
				GCC_WARN_UNDECLARED_SELECTOR = YES;
				GCC_WARN_UNINITIALIZED_AUTOS = YES_AGGRESSIVE;
				GCC_WARN_UNUSED_FUNCTION = YES;
				GCC_WARN_UNUSED_VARIABLE = YES;
				MACOSX_DEPLOYMENT_TARGET = 13.0;
				MTL_ENABLE_DEBUG_INFO = NO;
				MTL_FAST_MATH = YES;
				SDKROOT = macosx;
				SWIFT_COMPILATION_MODE = wholemodule;
				SWIFT_OPTIMIZATION_LEVEL = "-O";
				VERSIONING_SYSTEM = "apple-generic";
				VERSION_INFO_PREFIX = "";
			};
			name = Release;
		};
		2D01ED3D29BF2D8E00DB3808 /* Debug */ = {
			isa = XCBuildConfiguration;
			buildSettings = {
				CODE_SIGN_STYLE = Automatic;
				COMBINE_HIDPI_IMAGES = YES;
				CURRENT_PROJECT_VERSION = 1;
				DEFINES_MODULE = YES;
				DEVELOPMENT_TEAM = DH9CS7PA5D;
				DYLIB_COMPATIBILITY_VERSION = 1;
				DYLIB_CURRENT_VERSION = 1;
				DYLIB_INSTALL_NAME_BASE = "@rpath";
				GENERATE_INFOPLIST_FILE = YES;
				INFOPLIST_KEY_NSHumanReadableCopyright = "";
				INSTALL_PATH = "$(LOCAL_LIBRARY_DIR)/Frameworks";
				LD_RUNPATH_SEARCH_PATHS = (
					"$(inherited)",
					"@executable_path/../Frameworks",
					"@loader_path/Frameworks",
				);
				MARKETING_VERSION = 1.0;
				PRODUCT_BUNDLE_IDENTIFIER = com.kakaovx.tranggle.EssentialFeed;
				PRODUCT_NAME = "$(TARGET_NAME:c99extidentifier)";
				SKIP_INSTALL = YES;
				SWIFT_EMIT_LOC_STRINGS = YES;
				SWIFT_VERSION = 5.0;
			};
			name = Debug;
		};
		2D01ED3E29BF2D8E00DB3808 /* Release */ = {
			isa = XCBuildConfiguration;
			buildSettings = {
				CODE_SIGN_STYLE = Automatic;
				COMBINE_HIDPI_IMAGES = YES;
				CURRENT_PROJECT_VERSION = 1;
				DEFINES_MODULE = YES;
				DEVELOPMENT_TEAM = DH9CS7PA5D;
				DYLIB_COMPATIBILITY_VERSION = 1;
				DYLIB_CURRENT_VERSION = 1;
				DYLIB_INSTALL_NAME_BASE = "@rpath";
				GENERATE_INFOPLIST_FILE = YES;
				INFOPLIST_KEY_NSHumanReadableCopyright = "";
				INSTALL_PATH = "$(LOCAL_LIBRARY_DIR)/Frameworks";
				LD_RUNPATH_SEARCH_PATHS = (
					"$(inherited)",
					"@executable_path/../Frameworks",
					"@loader_path/Frameworks",
				);
				MARKETING_VERSION = 1.0;
				PRODUCT_BUNDLE_IDENTIFIER = com.kakaovx.tranggle.EssentialFeed;
				PRODUCT_NAME = "$(TARGET_NAME:c99extidentifier)";
				SKIP_INSTALL = YES;
				SWIFT_EMIT_LOC_STRINGS = YES;
				SWIFT_VERSION = 5.0;
			};
			name = Release;
		};
		2D01ED4029BF2D8E00DB3808 /* Debug */ = {
			isa = XCBuildConfiguration;
			buildSettings = {
				ALWAYS_EMBED_SWIFT_STANDARD_LIBRARIES = YES;
				CODE_SIGN_STYLE = Automatic;
				CURRENT_PROJECT_VERSION = 1;
				DEVELOPMENT_TEAM = DH9CS7PA5D;
				GENERATE_INFOPLIST_FILE = YES;
				MARKETING_VERSION = 1.0;
				PRODUCT_BUNDLE_IDENTIFIER = com.kakaovx.tranggle.EssentialFeedTests;
				PRODUCT_NAME = "$(TARGET_NAME)";
				SWIFT_EMIT_LOC_STRINGS = NO;
				SWIFT_VERSION = 5.0;
			};
			name = Debug;
		};
		2D01ED4129BF2D8E00DB3808 /* Release */ = {
			isa = XCBuildConfiguration;
			buildSettings = {
				ALWAYS_EMBED_SWIFT_STANDARD_LIBRARIES = YES;
				CODE_SIGN_STYLE = Automatic;
				CURRENT_PROJECT_VERSION = 1;
				DEVELOPMENT_TEAM = DH9CS7PA5D;
				GENERATE_INFOPLIST_FILE = YES;
				MARKETING_VERSION = 1.0;
				PRODUCT_BUNDLE_IDENTIFIER = com.kakaovx.tranggle.EssentialFeedTests;
				PRODUCT_NAME = "$(TARGET_NAME)";
				SWIFT_EMIT_LOC_STRINGS = NO;
				SWIFT_VERSION = 5.0;
			};
			name = Release;
		};
		2DE9E72829F7ACC1000427B2 /* Debug */ = {
			isa = XCBuildConfiguration;
			buildSettings = {
				CODE_SIGN_STYLE = Automatic;
				CURRENT_PROJECT_VERSION = 1;
				DEVELOPMENT_TEAM = DH9CS7PA5D;
				GENERATE_INFOPLIST_FILE = YES;
				MACOSX_DEPLOYMENT_TARGET = 13.3;
				MARKETING_VERSION = 1.0;
				PRODUCT_BUNDLE_IDENTIFIER = com.hyeji.ribsInstallTest.EssentialFeedAPIEndToEndTests;
				PRODUCT_NAME = "$(TARGET_NAME)";
				SWIFT_EMIT_LOC_STRINGS = NO;
				SWIFT_VERSION = 5.0;
			};
			name = Debug;
		};
		2DE9E72929F7ACC1000427B2 /* Release */ = {
			isa = XCBuildConfiguration;
			buildSettings = {
				CODE_SIGN_STYLE = Automatic;
				CURRENT_PROJECT_VERSION = 1;
				DEVELOPMENT_TEAM = DH9CS7PA5D;
				GENERATE_INFOPLIST_FILE = YES;
				MACOSX_DEPLOYMENT_TARGET = 13.3;
				MARKETING_VERSION = 1.0;
				PRODUCT_BUNDLE_IDENTIFIER = com.hyeji.ribsInstallTest.EssentialFeedAPIEndToEndTests;
				PRODUCT_NAME = "$(TARGET_NAME)";
				SWIFT_EMIT_LOC_STRINGS = NO;
				SWIFT_VERSION = 5.0;
			};
			name = Release;
		};
/* End XCBuildConfiguration section */

/* Begin XCConfigurationList section */
		2D01ED2229BF2D8D00DB3808 /* Build configuration list for PBXProject "EssentialFeed" */ = {
			isa = XCConfigurationList;
			buildConfigurations = (
				2D01ED3A29BF2D8E00DB3808 /* Debug */,
				2D01ED3B29BF2D8E00DB3808 /* Release */,
			);
			defaultConfigurationIsVisible = 0;
			defaultConfigurationName = Release;
		};
		2D01ED3C29BF2D8E00DB3808 /* Build configuration list for PBXNativeTarget "EssentialFeed" */ = {
			isa = XCConfigurationList;
			buildConfigurations = (
				2D01ED3D29BF2D8E00DB3808 /* Debug */,
				2D01ED3E29BF2D8E00DB3808 /* Release */,
			);
			defaultConfigurationIsVisible = 0;
			defaultConfigurationName = Release;
		};
		2D01ED3F29BF2D8E00DB3808 /* Build configuration list for PBXNativeTarget "EssentialFeedTests" */ = {
			isa = XCConfigurationList;
			buildConfigurations = (
				2D01ED4029BF2D8E00DB3808 /* Debug */,
				2D01ED4129BF2D8E00DB3808 /* Release */,
			);
			defaultConfigurationIsVisible = 0;
			defaultConfigurationName = Release;
		};
		2DE9E72A29F7ACC1000427B2 /* Build configuration list for PBXNativeTarget "EssentialFeedAPIEndToEndTests" */ = {
			isa = XCConfigurationList;
			buildConfigurations = (
				2DE9E72829F7ACC1000427B2 /* Debug */,
				2DE9E72929F7ACC1000427B2 /* Release */,
			);
			defaultConfigurationIsVisible = 0;
			defaultConfigurationName = Release;
		};
/* End XCConfigurationList section */
	};
	rootObject = 2D01ED1F29BF2D8D00DB3808 /* Project object */;
}
